PODS:
  - AnyMRZ (0.5.1)
  - Nimble (8.0.2)
  - Quick (2.1.0)

DEPENDENCIES:
  - AnyMRZ (from `../`)
  - Nimble
  - Quick

SPEC REPOS:
  https://github.com/cocoapods/specs.git:
    - Nimble
    - Quick

EXTERNAL SOURCES:
  AnyMRZ:
    :path: "../"

SPEC CHECKSUMS:
  AnyMRZ: b342ac916bb44227340e5c629c573477669881f1
  Nimble: 622629381bda1dd5678162f21f1368cec7cbba60
  Quick: 4be43f6634acfa727dd106bdf3929ce125ffa79d

PODFILE CHECKSUM: 4a200ceea2f32eebd642e68813d93130db907690

COCOAPODS: 1.7.3
